// !$*UTF8*$!
{
	archiveVersion = 1;
	classes = {
	};
	objectVersion = 46;
	objects = {

/* Begin PBXBuildFile section */
		C166A9D2163BCC0B0063B0CA /* UIKit.framework in Frameworks */ = {isa = PBXBuildFile; fileRef = C166A9D1163BCC0B0063B0CA /* UIKit.framework */; };
		C166A9D4163BCC0B0063B0CA /* Foundation.framework in Frameworks */ = {isa = PBXBuildFile; fileRef = C166A9D3163BCC0B0063B0CA /* Foundation.framework */; };
		C166A9D6163BCC0B0063B0CA /* CoreGraphics.framework in Frameworks */ = {isa = PBXBuildFile; fileRef = C166A9D5163BCC0B0063B0CA /* CoreGraphics.framework */; };
		C166A9DC163BCC0B0063B0CA /* InfoPlist.strings in Resources */ = {isa = PBXBuildFile; fileRef = C166A9DA163BCC0B0063B0CA /* InfoPlist.strings */; };
		C166A9DE163BCC0B0063B0CA /* main.m in Sources */ = {isa = PBXBuildFile; fileRef = C166A9DD163BCC0B0063B0CA /* main.m */; };
		C166A9E2163BCC0B0063B0CA /* AppDelegate.m in Sources */ = {isa = PBXBuildFile; fileRef = C166A9E1163BCC0B0063B0CA /* AppDelegate.m */; };
		C166A9E4163BCC0B0063B0CA /* Default.png in Resources */ = {isa = PBXBuildFile; fileRef = C166A9E3163BCC0B0063B0CA /* Default.png */; };
		C166A9E6163BCC0B0063B0CA /* Default@2x.png in Resources */ = {isa = PBXBuildFile; fileRef = C166A9E5163BCC0B0063B0CA /* Default@2x.png */; };
		C166A9E8163BCC0B0063B0CA /* Default-568h@2x.png in Resources */ = {isa = PBXBuildFile; fileRef = C166A9E7163BCC0B0063B0CA /* Default-568h@2x.png */; };
		C166A9EB163BCC0B0063B0CA /* MainStoryboard.storyboard in Resources */ = {isa = PBXBuildFile; fileRef = C166A9E9163BCC0B0063B0CA /* MainStoryboard.storyboard */; };
		C166A9EE163BCC0B0063B0CA /* ViewController.m in Sources */ = {isa = PBXBuildFile; fileRef = C166A9ED163BCC0B0063B0CA /* ViewController.m */; };
/* End PBXBuildFile section */

/* Begin PBXFileReference section */
		C166A9CD163BCC0B0063B0CA /* GoldList.app */ = {isa = PBXFileReference; explicitFileType = wrapper.application; includeInIndex = 0; path = GoldList.app; sourceTree = BUILT_PRODUCTS_DIR; };
		C166A9D1163BCC0B0063B0CA /* UIKit.framework */ = {isa = PBXFileReference; lastKnownFileType = wrapper.framework; name = UIKit.framework; path = System/Library/Frameworks/UIKit.framework; sourceTree = SDKROOT; };
		C166A9D3163BCC0B0063B0CA /* Foundation.framework */ = {isa = PBXFileReference; lastKnownFileType = wrapper.framework; name = Foundation.framework; path = System/Library/Frameworks/Foundation.framework; sourceTree = SDKROOT; };
		C166A9D5163BCC0B0063B0CA /* CoreGraphics.framework */ = {isa = PBXFileReference; lastKnownFileType = wrapper.framework; name = CoreGraphics.framework; path = System/Library/Frameworks/CoreGraphics.framework; sourceTree = SDKROOT; };
		C166A9D9163BCC0B0063B0CA /* GoldList-Info.plist */ = {isa = PBXFileReference; lastKnownFileType = text.plist.xml; path = "GoldList-Info.plist"; sourceTree = "<group>"; };
		C166A9DB163BCC0B0063B0CA /* en */ = {isa = PBXFileReference; lastKnownFileType = text.plist.strings; name = en; path = en.lproj/InfoPlist.strings; sourceTree = "<group>"; };
		C166A9DD163BCC0B0063B0CA /* main.m */ = {isa = PBXFileReference; lastKnownFileType = sourcecode.c.objc; path = main.m; sourceTree = "<group>"; };
		C166A9DF163BCC0B0063B0CA /* GoldList-Prefix.pch */ = {isa = PBXFileReference; lastKnownFileType = sourcecode.c.h; path = "GoldList-Prefix.pch"; sourceTree = "<group>"; };
		C166A9E0163BCC0B0063B0CA /* AppDelegate.h */ = {isa = PBXFileReference; lastKnownFileType = sourcecode.c.h; path = AppDelegate.h; sourceTree = "<group>"; };
		C166A9E1163BCC0B0063B0CA /* AppDelegate.m */ = {isa = PBXFileReference; lastKnownFileType = sourcecode.c.objc; path = AppDelegate.m; sourceTree = "<group>"; };
		C166A9E3163BCC0B0063B0CA /* Default.png */ = {isa = PBXFileReference; lastKnownFileType = image.png; path = Default.png; sourceTree = "<group>"; };
		C166A9E5163BCC0B0063B0CA /* Default@2x.png */ = {isa = PBXFileReference; lastKnownFileType = image.png; path = "Default@2x.png"; sourceTree = "<group>"; };
		C166A9E7163BCC0B0063B0CA /* Default-568h@2x.png */ = {isa = PBXFileReference; lastKnownFileType = image.png; path = "Default-568h@2x.png"; sourceTree = "<group>"; };
		C166A9EA163BCC0B0063B0CA /* en */ = {isa = PBXFileReference; lastKnownFileType = file.storyboard; name = en; path = en.lproj/MainStoryboard.storyboard; sourceTree = "<group>"; };
		C166A9EC163BCC0B0063B0CA /* ViewController.h */ = {isa = PBXFileReference; lastKnownFileType = sourcecode.c.h; path = ViewController.h; sourceTree = "<group>"; };
		C166A9ED163BCC0B0063B0CA /* ViewController.m */ = {isa = PBXFileReference; lastKnownFileType = sourcecode.c.objc; path = ViewController.m; sourceTree = "<group>"; };
/* End PBXFileReference section */

/* Begin PBXFrameworksBuildPhase section */
		C166A9CA163BCC0B0063B0CA /* Frameworks */ = {
			isa = PBXFrameworksBuildPhase;
			buildActionMask = 2147483647;
			files = (
				C166A9D2163BCC0B0063B0CA /* UIKit.framework in Frameworks */,
				C166A9D4163BCC0B0063B0CA /* Foundation.framework in Frameworks */,
				C166A9D6163BCC0B0063B0CA /* CoreGraphics.framework in Frameworks */,
			);
			runOnlyForDeploymentPostprocessing = 0;
		};
/* End PBXFrameworksBuildPhase section */

/* Begin PBXGroup section */
		C166A9C2163BCC0B0063B0CA = {
			isa = PBXGroup;
			children = (
				C166A9D7163BCC0B0063B0CA /* GoldList */,
				C166A9D0163BCC0B0063B0CA /* Frameworks */,
				C166A9CE163BCC0B0063B0CA /* Products */,
			);
			sourceTree = "<group>";
		};
		C166A9CE163BCC0B0063B0CA /* Products */ = {
			isa = PBXGroup;
			children = (
				C166A9CD163BCC0B0063B0CA /* GoldList.app */,
			);
			name = Products;
			sourceTree = "<group>";
		};
		C166A9D0163BCC0B0063B0CA /* Frameworks */ = {
			isa = PBXGroup;
			children = (
				C166A9D1163BCC0B0063B0CA /* UIKit.framework */,
				C166A9D3163BCC0B0063B0CA /* Foundation.framework */,
				C166A9D5163BCC0B0063B0CA /* CoreGraphics.framework */,
			);
			name = Frameworks;
			sourceTree = "<group>";
		};
		C166A9D7163BCC0B0063B0CA /* GoldList */ = {
			isa = PBXGroup;
			children = (
				C166A9E0163BCC0B0063B0CA /* AppDelegate.h */,
				C166A9E1163BCC0B0063B0CA /* AppDelegate.m */,
				C166A9E9163BCC0B0063B0CA /* MainStoryboard.storyboard */,
				C166A9EC163BCC0B0063B0CA /* ViewController.h */,
				C166A9ED163BCC0B0063B0CA /* ViewController.m */,
				C166A9D8163BCC0B0063B0CA /* Supporting Files */,
			);
			path = GoldList;
			sourceTree = "<group>";
		};
		C166A9D8163BCC0B0063B0CA /* Supporting Files */ = {
			isa = PBXGroup;
			children = (
				C166A9D9163BCC0B0063B0CA /* GoldList-Info.plist */,
				C166A9DA163BCC0B0063B0CA /* InfoPlist.strings */,
				C166A9DD163BCC0B0063B0CA /* main.m */,
				C166A9DF163BCC0B0063B0CA /* GoldList-Prefix.pch */,
				C166A9E3163BCC0B0063B0CA /* Default.png */,
				C166A9E5163BCC0B0063B0CA /* Default@2x.png */,
				C166A9E7163BCC0B0063B0CA /* Default-568h@2x.png */,
			);
			name = "Supporting Files";
			sourceTree = "<group>";
		};
/* End PBXGroup section */

/* Begin PBXNativeTarget section */
		C166A9CC163BCC0B0063B0CA /* GoldList */ = {
			isa = PBXNativeTarget;
			buildConfigurationList = C166A9F1163BCC0B0063B0CA /* Build configuration list for PBXNativeTarget "GoldList" */;
			buildPhases = (
				C166A9C9163BCC0B0063B0CA /* Sources */,
				C166A9CA163BCC0B0063B0CA /* Frameworks */,
				C166A9CB163BCC0B0063B0CA /* Resources */,
			);
			buildRules = (
			);
			dependencies = (
			);
			name = GoldList;
			productName = GoldList;
			productReference = C166A9CD163BCC0B0063B0CA /* GoldList.app */;
			productType = "com.apple.product-type.application";
		};
/* End PBXNativeTarget section */

/* Begin PBXProject section */
		C166A9C4163BCC0B0063B0CA /* Project object */ = {
			isa = PBXProject;
			attributes = {
				LastUpgradeCheck = 0450;
				ORGANIZATIONNAME = "Keiran Smith";
			};
			buildConfigurationList = C166A9C7163BCC0B0063B0CA /* Build configuration list for PBXProject "GoldList" */;
			compatibilityVersion = "Xcode 3.2";
			developmentRegion = English;
			hasScannedForEncodings = 0;
			knownRegions = (
				en,
			);
			mainGroup = C166A9C2163BCC0B0063B0CA;
			productRefGroup = C166A9CE163BCC0B0063B0CA /* Products */;
			projectDirPath = "";
			projectRoot = "";
			targets = (
				C166A9CC163BCC0B0063B0CA /* GoldList */,
			);
		};
/* End PBXProject section */

/* Begin PBXResourcesBuildPhase section */
		C166A9CB163BCC0B0063B0CA /* Resources */ = {
			isa = PBXResourcesBuildPhase;
			buildActionMask = 2147483647;
			files = (
				C166A9DC163BCC0B0063B0CA /* InfoPlist.strings in Resources */,
				C166A9E4163BCC0B0063B0CA /* Default.png in Resources */,
				C166A9E6163BCC0B0063B0CA /* Default@2x.png in Resources */,
				C166A9E8163BCC0B0063B0CA /* Default-568h@2x.png in Resources */,
				C166A9EB163BCC0B0063B0CA /* MainStoryboard.storyboard in Resources */,
			);
			runOnlyForDeploymentPostprocessing = 0;
		};
/* End PBXResourcesBuildPhase section */

/* Begin PBXSourcesBuildPhase section */
		C166A9C9163BCC0B0063B0CA /* Sources */ = {
			isa = PBXSourcesBuildPhase;
			buildActionMask = 2147483647;
			files = (
				C166A9DE163BCC0B0063B0CA /* main.m in Sources */,
				C166A9E2163BCC0B0063B0CA /* AppDelegate.m in Sources */,
				C166A9EE163BCC0B0063B0CA /* ViewController.m in Sources */,
			);
			runOnlyForDeploymentPostprocessing = 0;
		};
/* End PBXSourcesBuildPhase section */

/* Begin PBXVariantGroup section */
		C166A9DA163BCC0B0063B0CA /* InfoPlist.strings */ = {
			isa = PBXVariantGroup;
			children = (
				C166A9DB163BCC0B0063B0CA /* en */,
			);
			name = InfoPlist.strings;
			sourceTree = "<group>";
		};
		C166A9E9163BCC0B0063B0CA /* MainStoryboard.storyboard */ = {
			isa = PBXVariantGroup;
			children = (
				C166A9EA163BCC0B0063B0CA /* en */,
			);
			name = MainStoryboard.storyboard;
			sourceTree = "<group>";
		};
/* End PBXVariantGroup section */

/* Begin XCBuildConfiguration section */
		C166A9EF163BCC0B0063B0CA /* Debug */ = {
			isa = XCBuildConfiguration;
			buildSettings = {
				ALWAYS_SEARCH_USER_PATHS = NO;
				CLANG_CXX_LANGUAGE_STANDARD = "gnu++0x";
				CLANG_CXX_LIBRARY = "libc++";
				CLANG_ENABLE_OBJC_ARC = YES;
				CLANG_WARN_EMPTY_BODY = YES;
				CLANG_WARN__DUPLICATE_METHOD_MATCH = YES;
				"CODE_SIGN_IDENTITY[sdk=iphoneos*]" = "iPhone Developer";
				COPY_PHASE_STRIP = NO;
				GCC_C_LANGUAGE_STANDARD = gnu99;
				GCC_DYNAMIC_NO_PIC = NO;
				GCC_OPTIMIZATION_LEVEL = 0;
				GCC_PREPROCESSOR_DEFINITIONS = (
					"DEBUG=1",
					"$(inherited)",
				);
				GCC_SYMBOLS_PRIVATE_EXTERN = NO;
				GCC_WARN_ABOUT_RETURN_TYPE = YES;
				GCC_WARN_UNINITIALIZED_AUTOS = YES;
				GCC_WARN_UNUSED_VARIABLE = YES;
				IPHONEOS_DEPLOYMENT_TARGET = 6.0;
				ONLY_ACTIVE_ARCH = YES;
				SDKROOT = iphoneos;
			};
			name = Debug;
		};
		C166A9F0163BCC0B0063B0CA /* Release */ = {
			isa = XCBuildConfiguration;
			buildSettings = {
				ALWAYS_SEARCH_USER_PATHS = NO;
				CLANG_CXX_LANGUAGE_STANDARD = "gnu++0x";
				CLANG_CXX_LIBRARY = "libc++";
				CLANG_ENABLE_OBJC_ARC = YES;
				CLANG_WARN_EMPTY_BODY = YES;
				CLANG_WARN__DUPLICATE_METHOD_MATCH = YES;
				"CODE_SIGN_IDENTITY[sdk=iphoneos*]" = "iPhone Developer";
				COPY_PHASE_STRIP = YES;
				GCC_C_LANGUAGE_STANDARD = gnu99;
				GCC_WARN_ABOUT_RETURN_TYPE = YES;
				GCC_WARN_UNINITIALIZED_AUTOS = YES;
				GCC_WARN_UNUSED_VARIABLE = YES;
				IPHONEOS_DEPLOYMENT_TARGET = 6.0;
				OTHER_CFLAGS = "-DNS_BLOCK_ASSERTIONS=1";
				SDKROOT = iphoneos;
				VALIDATE_PRODUCT = YES;
			};
			name = Release;
		};
		C166A9F2163BCC0B0063B0CA /* Debug */ = {
			isa = XCBuildConfiguration;
			buildSettings = {
				GCC_PRECOMPILE_PREFIX_HEADER = YES;
				GCC_PREFIX_HEADER = "GoldList/GoldList-Prefix.pch";
				INFOPLIST_FILE = "GoldList/GoldList-Info.plist";
				PRODUCT_NAME = "$(TARGET_NAME)";
				WRAPPER_EXTENSION = app;
			};
			name = Debug;
		};
		C166A9F3163BCC0B0063B0CA /* Release */ = {
			isa = XCBuildConfiguration;
			buildSettings = {
				GCC_PRECOMPILE_PREFIX_HEADER = YES;
				GCC_PREFIX_HEADER = "GoldList/GoldList-Prefix.pch";
				INFOPLIST_FILE = "GoldList/GoldList-Info.plist";
				PRODUCT_NAME = "$(TARGET_NAME)";
				WRAPPER_EXTENSION = app;
			};
			name = Release;
		};
/* End XCBuildConfiguration section */

/* Begin XCConfigurationList section */
		C166A9C7163BCC0B0063B0CA /* Build configuration list for PBXProject "GoldList" */ = {
			isa = XCConfigurationList;
			buildConfigurations = (
				C166A9EF163BCC0B0063B0CA /* Debug */,
				C166A9F0163BCC0B0063B0CA /* Release */,
			);
			defaultConfigurationIsVisible = 0;
			defaultConfigurationName = Release;
		};
		C166A9F1163BCC0B0063B0CA /* Build configuration list for PBXNativeTarget "GoldList" */ = {
			isa = XCConfigurationList;
			buildConfigurations = (
				C166A9F2163BCC0B0063B0CA /* Debug */,
				C166A9F3163BCC0B0063B0CA /* Release */,
			);
			defaultConfigurationIsVisible = 0;
		};
/* End XCConfigurationList section */
	};
	rootObject = C166A9C4163BCC0B0063B0CA /* Project object */;
}
