// !$*UTF8*$!
{
	archiveVersion = 1;
	classes = {
	};
	objectVersion = 46;
	objects = {

/* Begin PBXBuildFile section */
		C166A9D2163BCC0B0063B0CA /* UIKit.framework in Frameworks */ = {isa = PBXBuildFile; fileRef = C166A9D1163BCC0B0063B0CA /* UIKit.framework */; };
		C166A9D4163BCC0B0063B0CA /* Foundation.framework in Frameworks */ = {isa = PBXBuildFile; fileRef = C166A9D3163BCC0B0063B0CA /* Foundation.framework */; };
		C166A9D6163BCC0B0063B0CA /* CoreGraphics.framework in Frameworks */ = {isa = PBXBuildFile; fileRef = C166A9D5163BCC0B0063B0CA /* CoreGraphics.framework */; };
		C166A9DC163BCC0B0063B0CA /* InfoPlist.strings in Resources */ = {isa = PBXBuildFile; fileRef = C166A9DA163BCC0B0063B0CA /* InfoPlist.strings */; };
		C166A9DE163BCC0B0063B0CA /* main.m in Sources */ = {isa = PBXBuildFile; fileRef = C166A9DD163BCC0B0063B0CA /* main.m */; };
		C166A9E2163BCC0B0063B0CA /* AppDelegate.m in Sources */ = {isa = PBXBuildFile; fileRef = C166A9E1163BCC0B0063B0CA /* AppDelegate.m */; };
		C166A9E4163BCC0B0063B0CA /* Default.png in Resources */ = {isa = PBXBuildFile; fileRef = C166A9E3163BCC0B0063B0CA /* Default.png */; };
		C166A9E6163BCC0B0063B0CA /* Default@2x.png in Resources */ = {isa = PBXBuildFile; fileRef = C166A9E5163BCC0B0063B0CA /* Default@2x.png */; };
		C166A9E8163BCC0B0063B0CA /* Default-568h@2x.png in Resources */ = {isa = PBXBuildFile; fileRef = C166A9E7163BCC0B0063B0CA /* Default-568h@2x.png */; };
		C166A9EB163BCC0B0063B0CA /* MainStoryboard.storyboard in Resources */ = {isa = PBXBuildFile; fileRef = C166A9E9163BCC0B0063B0CA /* MainStoryboard.storyboard */; };
		C166A9EE163BCC0B0063B0CA /* ViewController.m in Sources */ = {isa = PBXBuildFile; fileRef = C166A9ED163BCC0B0063B0CA /* ViewController.m */; };
		C166AA01163BCF720063B0CA /* NSObject+SBJSON.m in Sources */ = {isa = PBXBuildFile; fileRef = C166A9F6163BCF720063B0CA /* NSObject+SBJSON.m */; settings = {COMPILER_FLAGS = "-fno-objc-arc"; }; };
		C166AA02163BCF720063B0CA /* NSString+SBJSON.m in Sources */ = {isa = PBXBuildFile; fileRef = C166A9F8163BCF720063B0CA /* NSString+SBJSON.m */; settings = {COMPILER_FLAGS = "-fno-objc-arc"; }; };
		C166AA03163BCF720063B0CA /* SBJSON.m in Sources */ = {isa = PBXBuildFile; fileRef = C166A9FA163BCF720063B0CA /* SBJSON.m */; settings = {COMPILER_FLAGS = "-fno-objc-arc"; }; };
		C166AA04163BCF720063B0CA /* SBJsonBase.m in Sources */ = {isa = PBXBuildFile; fileRef = C166A9FC163BCF720063B0CA /* SBJsonBase.m */; settings = {COMPILER_FLAGS = "-fno-objc-arc"; }; };
		C166AA05163BCF720063B0CA /* SBJsonParser.m in Sources */ = {isa = PBXBuildFile; fileRef = C166A9FE163BCF720063B0CA /* SBJsonParser.m */; settings = {COMPILER_FLAGS = "-fno-objc-arc"; }; };
		C166AA06163BCF720063B0CA /* SBJsonWriter.m in Sources */ = {isa = PBXBuildFile; fileRef = C166AA00163BCF720063B0CA /* SBJsonWriter.m */; settings = {COMPILER_FLAGS = "-fno-objc-arc"; }; };
		C18BCE60163D52250011ED6A /* DetailViewController.m in Sources */ = {isa = PBXBuildFile; fileRef = C18BCE5F163D52250011ED6A /* DetailViewController.m */; };
		C19098E5164130BA0076DFAD /* uni05_53.ttf in Resources */ = {isa = PBXBuildFile; fileRef = C19098E4164130BA0076DFAD /* uni05_53.ttf */; };
		C19098F21641441B0076DFAD /* Icon-72.png in Resources */ = {isa = PBXBuildFile; fileRef = C19098E81641441B0076DFAD /* Icon-72.png */; };
		C19098F31641441B0076DFAD /* Icon-72@2x.png in Resources */ = {isa = PBXBuildFile; fileRef = C19098E91641441B0076DFAD /* Icon-72@2x.png */; };
		C19098F41641441B0076DFAD /* Icon-Small-50.png in Resources */ = {isa = PBXBuildFile; fileRef = C19098EA1641441B0076DFAD /* Icon-Small-50.png */; };
		C19098F51641441B0076DFAD /* Icon-Small-50@2x.png in Resources */ = {isa = PBXBuildFile; fileRef = C19098EB1641441B0076DFAD /* Icon-Small-50@2x.png */; };
		C19098F61641441B0076DFAD /* Icon-Small.png in Resources */ = {isa = PBXBuildFile; fileRef = C19098EC1641441B0076DFAD /* Icon-Small.png */; };
		C19098F71641441B0076DFAD /* Icon-Small@2x.png in Resources */ = {isa = PBXBuildFile; fileRef = C19098ED1641441B0076DFAD /* Icon-Small@2x.png */; };
		C19098F81641441B0076DFAD /* Icon.png in Resources */ = {isa = PBXBuildFile; fileRef = C19098EE1641441B0076DFAD /* Icon.png */; };
		C19098F91641441B0076DFAD /* Icon@2x.png in Resources */ = {isa = PBXBuildFile; fileRef = C19098EF1641441B0076DFAD /* Icon@2x.png */; };
		C19098FA1641441B0076DFAD /* iTunesArtwork.png in Resources */ = {isa = PBXBuildFile; fileRef = C19098F01641441B0076DFAD /* iTunesArtwork.png */; };
		C19098FB1641441B0076DFAD /* iTunesArtwork@2x.png in Resources */ = {isa = PBXBuildFile; fileRef = C19098F11641441B0076DFAD /* iTunesArtwork@2x.png */; };
		C19098FD164144510076DFAD /* Icon@2x.png in Resources */ = {isa = PBXBuildFile; fileRef = C19098FC164144500076DFAD /* Icon@2x.png */; };
		C19098FF1641446D0076DFAD /* Icon.png in Resources */ = {isa = PBXBuildFile; fileRef = C19098FE1641446D0076DFAD /* Icon.png */; };
/* End PBXBuildFile section */

/* Begin PBXFileReference section */
		C166A9CD163BCC0B0063B0CA /* GoldList.app */ = {isa = PBXFileReference; explicitFileType = wrapper.application; includeInIndex = 0; path = GoldList.app; sourceTree = BUILT_PRODUCTS_DIR; };
		C166A9D1163BCC0B0063B0CA /* UIKit.framework */ = {isa = PBXFileReference; lastKnownFileType = wrapper.framework; name = UIKit.framework; path = System/Library/Frameworks/UIKit.framework; sourceTree = SDKROOT; };
		C166A9D3163BCC0B0063B0CA /* Foundation.framework */ = {isa = PBXFileReference; lastKnownFileType = wrapper.framework; name = Foundation.framework; path = System/Library/Frameworks/Foundation.framework; sourceTree = SDKROOT; };
		C166A9D5163BCC0B0063B0CA /* CoreGraphics.framework */ = {isa = PBXFileReference; lastKnownFileType = wrapper.framework; name = CoreGraphics.framework; path = System/Library/Frameworks/CoreGraphics.framework; sourceTree = SDKROOT; };
		C166A9D9163BCC0B0063B0CA /* GoldList-Info.plist */ = {isa = PBXFileReference; lastKnownFileType = text.plist.xml; path = "GoldList-Info.plist"; sourceTree = "<group>"; };
		C166A9DB163BCC0B0063B0CA /* en */ = {isa = PBXFileReference; lastKnownFileType = text.plist.strings; name = en; path = en.lproj/InfoPlist.strings; sourceTree = "<group>"; };
		C166A9DD163BCC0B0063B0CA /* main.m */ = {isa = PBXFileReference; lastKnownFileType = sourcecode.c.objc; path = main.m; sourceTree = "<group>"; };
		C166A9DF163BCC0B0063B0CA /* GoldList-Prefix.pch */ = {isa = PBXFileReference; lastKnownFileType = sourcecode.c.h; path = "GoldList-Prefix.pch"; sourceTree = "<group>"; };
		C166A9E0163BCC0B0063B0CA /* AppDelegate.h */ = {isa = PBXFileReference; lastKnownFileType = sourcecode.c.h; path = AppDelegate.h; sourceTree = "<group>"; };
		C166A9E1163BCC0B0063B0CA /* AppDelegate.m */ = {isa = PBXFileReference; lastKnownFileType = sourcecode.c.objc; path = AppDelegate.m; sourceTree = "<group>"; };
		C166A9E3163BCC0B0063B0CA /* Default.png */ = {isa = PBXFileReference; lastKnownFileType = image.png; path = Default.png; sourceTree = "<group>"; };
		C166A9E5163BCC0B0063B0CA /* Default@2x.png */ = {isa = PBXFileReference; lastKnownFileType = image.png; path = "Default@2x.png"; sourceTree = "<group>"; };
		C166A9E7163BCC0B0063B0CA /* Default-568h@2x.png */ = {isa = PBXFileReference; lastKnownFileType = image.png; path = "Default-568h@2x.png"; sourceTree = "<group>"; };
		C166A9EA163BCC0B0063B0CA /* en */ = {isa = PBXFileReference; lastKnownFileType = file.storyboard; name = en; path = en.lproj/MainStoryboard.storyboard; sourceTree = "<group>"; };
		C166A9EC163BCC0B0063B0CA /* ViewController.h */ = {isa = PBXFileReference; lastKnownFileType = sourcecode.c.h; path = ViewController.h; sourceTree = "<group>"; };
		C166A9ED163BCC0B0063B0CA /* ViewController.m */ = {isa = PBXFileReference; lastKnownFileType = sourcecode.c.objc; path = ViewController.m; sourceTree = "<group>"; };
		C166A9F4163BCF720063B0CA /* JSON.h */ = {isa = PBXFileReference; fileEncoding = 4; lastKnownFileType = sourcecode.c.h; name = JSON.h; path = GoldList/JSON/JSON.h; sourceTree = "<group>"; };
		C166A9F5163BCF720063B0CA /* NSObject+SBJSON.h */ = {isa = PBXFileReference; fileEncoding = 4; lastKnownFileType = sourcecode.c.h; name = "NSObject+SBJSON.h"; path = "GoldList/JSON/NSObject+SBJSON.h"; sourceTree = "<group>"; };
		C166A9F6163BCF720063B0CA /* NSObject+SBJSON.m */ = {isa = PBXFileReference; fileEncoding = 4; lastKnownFileType = sourcecode.c.objc; name = "NSObject+SBJSON.m"; path = "GoldList/JSON/NSObject+SBJSON.m"; sourceTree = "<group>"; };
		C166A9F7163BCF720063B0CA /* NSString+SBJSON.h */ = {isa = PBXFileReference; fileEncoding = 4; lastKnownFileType = sourcecode.c.h; name = "NSString+SBJSON.h"; path = "GoldList/JSON/NSString+SBJSON.h"; sourceTree = "<group>"; };
		C166A9F8163BCF720063B0CA /* NSString+SBJSON.m */ = {isa = PBXFileReference; fileEncoding = 4; lastKnownFileType = sourcecode.c.objc; name = "NSString+SBJSON.m"; path = "GoldList/JSON/NSString+SBJSON.m"; sourceTree = "<group>"; };
		C166A9F9163BCF720063B0CA /* SBJSON.h */ = {isa = PBXFileReference; fileEncoding = 4; lastKnownFileType = sourcecode.c.h; name = SBJSON.h; path = GoldList/JSON/SBJSON.h; sourceTree = "<group>"; };
		C166A9FA163BCF720063B0CA /* SBJSON.m */ = {isa = PBXFileReference; fileEncoding = 4; lastKnownFileType = sourcecode.c.objc; name = SBJSON.m; path = GoldList/JSON/SBJSON.m; sourceTree = "<group>"; };
		C166A9FB163BCF720063B0CA /* SBJsonBase.h */ = {isa = PBXFileReference; fileEncoding = 4; lastKnownFileType = sourcecode.c.h; name = SBJsonBase.h; path = GoldList/JSON/SBJsonBase.h; sourceTree = "<group>"; };
		C166A9FC163BCF720063B0CA /* SBJsonBase.m */ = {isa = PBXFileReference; fileEncoding = 4; lastKnownFileType = sourcecode.c.objc; name = SBJsonBase.m; path = GoldList/JSON/SBJsonBase.m; sourceTree = "<group>"; };
		C166A9FD163BCF720063B0CA /* SBJsonParser.h */ = {isa = PBXFileReference; fileEncoding = 4; lastKnownFileType = sourcecode.c.h; name = SBJsonParser.h; path = GoldList/JSON/SBJsonParser.h; sourceTree = "<group>"; };
		C166A9FE163BCF720063B0CA /* SBJsonParser.m */ = {isa = PBXFileReference; fileEncoding = 4; lastKnownFileType = sourcecode.c.objc; name = SBJsonParser.m; path = GoldList/JSON/SBJsonParser.m; sourceTree = "<group>"; };
		C166A9FF163BCF720063B0CA /* SBJsonWriter.h */ = {isa = PBXFileReference; fileEncoding = 4; lastKnownFileType = sourcecode.c.h; name = SBJsonWriter.h; path = GoldList/JSON/SBJsonWriter.h; sourceTree = "<group>"; };
		C166AA00163BCF720063B0CA /* SBJsonWriter.m */ = {isa = PBXFileReference; fileEncoding = 4; lastKnownFileType = sourcecode.c.objc; name = SBJsonWriter.m; path = GoldList/JSON/SBJsonWriter.m; sourceTree = "<group>"; };
		C18BCE5E163D52250011ED6A /* DetailViewController.h */ = {isa = PBXFileReference; fileEncoding = 4; lastKnownFileType = sourcecode.c.h; path = DetailViewController.h; sourceTree = "<group>"; };
		C18BCE5F163D52250011ED6A /* DetailViewController.m */ = {isa = PBXFileReference; fileEncoding = 4; lastKnownFileType = sourcecode.c.objc; path = DetailViewController.m; sourceTree = "<group>"; };
		C18BCE62163D53080011ED6A /* globalVar.h */ = {isa = PBXFileReference; fileEncoding = 4; lastKnownFileType = sourcecode.c.h; path = globalVar.h; sourceTree = "<group>"; };
		C19098E4164130BA0076DFAD /* uni05_53.ttf */ = {isa = PBXFileReference; lastKnownFileType = file; name = uni05_53.ttf; path = ../../../Downloads/uni05_53.ttf; sourceTree = "<group>"; };
		C19098E81641441B0076DFAD /* Icon-72.png */ = {isa = PBXFileReference; lastKnownFileType = image.png; path = "Icon-72.png"; sourceTree = "<group>"; };
		C19098E91641441B0076DFAD /* Icon-72@2x.png */ = {isa = PBXFileReference; lastKnownFileType = image.png; path = "Icon-72@2x.png"; sourceTree = "<group>"; };
		C19098EA1641441B0076DFAD /* Icon-Small-50.png */ = {isa = PBXFileReference; lastKnownFileType = image.png; path = "Icon-Small-50.png"; sourceTree = "<group>"; };
		C19098EB1641441B0076DFAD /* Icon-Small-50@2x.png */ = {isa = PBXFileReference; lastKnownFileType = image.png; path = "Icon-Small-50@2x.png"; sourceTree = "<group>"; };
		C19098EC1641441B0076DFAD /* Icon-Small.png */ = {isa = PBXFileReference; lastKnownFileType = image.png; path = "Icon-Small.png"; sourceTree = "<group>"; };
		C19098ED1641441B0076DFAD /* Icon-Small@2x.png */ = {isa = PBXFileReference; lastKnownFileType = image.png; path = "Icon-Small@2x.png"; sourceTree = "<group>"; };
		C19098EE1641441B0076DFAD /* Icon.png */ = {isa = PBXFileReference; lastKnownFileType = image.png; path = Icon.png; sourceTree = "<group>"; };
		C19098EF1641441B0076DFAD /* Icon@2x.png */ = {isa = PBXFileReference; lastKnownFileType = image.png; path = "Icon@2x.png"; sourceTree = "<group>"; };
		C19098F01641441B0076DFAD /* iTunesArtwork.png */ = {isa = PBXFileReference; lastKnownFileType = image.png; path = iTunesArtwork.png; sourceTree = "<group>"; };
		C19098F11641441B0076DFAD /* iTunesArtwork@2x.png */ = {isa = PBXFileReference; lastKnownFileType = image.png; path = "iTunesArtwork@2x.png"; sourceTree = "<group>"; };
		C19098FC164144500076DFAD /* Icon@2x.png */ = {isa = PBXFileReference; lastKnownFileType = image.png; path = "Icon@2x.png"; sourceTree = "<group>"; };
		C19098FE1641446D0076DFAD /* Icon.png */ = {isa = PBXFileReference; lastKnownFileType = image.png; path = Icon.png; sourceTree = "<group>"; };
/* End PBXFileReference section */

/* Begin PBXFrameworksBuildPhase section */
		C166A9CA163BCC0B0063B0CA /* Frameworks */ = {
			isa = PBXFrameworksBuildPhase;
			buildActionMask = 2147483647;
			files = (
				C166A9D2163BCC0B0063B0CA /* UIKit.framework in Frameworks */,
				C166A9D4163BCC0B0063B0CA /* Foundation.framework in Frameworks */,
				C166A9D6163BCC0B0063B0CA /* CoreGraphics.framework in Frameworks */,
			);
			runOnlyForDeploymentPostprocessing = 0;
		};
/* End PBXFrameworksBuildPhase section */

/* Begin PBXGroup section */
		C166A9C2163BCC0B0063B0CA = {
			isa = PBXGroup;
			children = (
				C19098FE1641446D0076DFAD /* Icon.png */,
				C19098FC164144500076DFAD /* Icon@2x.png */,
				C19098E71641441A0076DFAD /* App Icon [Squared] */,
				C19098E4164130BA0076DFAD /* uni05_53.ttf */,
				C166A9D7163BCC0B0063B0CA /* GoldList */,
				C166A9D0163BCC0B0063B0CA /* Frameworks */,
				C166A9CE163BCC0B0063B0CA /* Products */,
			);
			sourceTree = "<group>";
		};
		C166A9CE163BCC0B0063B0CA /* Products */ = {
			isa = PBXGroup;
			children = (
				C166A9CD163BCC0B0063B0CA /* GoldList.app */,
			);
			name = Products;
			sourceTree = "<group>";
		};
		C166A9D0163BCC0B0063B0CA /* Frameworks */ = {
			isa = PBXGroup;
			children = (
				C166A9D1163BCC0B0063B0CA /* UIKit.framework */,
				C166A9D3163BCC0B0063B0CA /* Foundation.framework */,
				C166A9D5163BCC0B0063B0CA /* CoreGraphics.framework */,
			);
			name = Frameworks;
			sourceTree = "<group>";
		};
		C166A9D7163BCC0B0063B0CA /* GoldList */ = {
			isa = PBXGroup;
			children = (
				C18BCE64163D600E0011ED6A /* JSON */,
				C166A9E0163BCC0B0063B0CA /* AppDelegate.h */,
				C166A9E1163BCC0B0063B0CA /* AppDelegate.m */,
				C166A9E9163BCC0B0063B0CA /* MainStoryboard.storyboard */,
				C166A9EC163BCC0B0063B0CA /* ViewController.h */,
				C166A9ED163BCC0B0063B0CA /* ViewController.m */,
				C18BCE5E163D52250011ED6A /* DetailViewController.h */,
				C18BCE5F163D52250011ED6A /* DetailViewController.m */,
				C18BCE62163D53080011ED6A /* globalVar.h */,
				C166A9D8163BCC0B0063B0CA /* Supporting Files */,
			);
			path = GoldList;
			sourceTree = "<group>";
		};
		C166A9D8163BCC0B0063B0CA /* Supporting Files */ = {
			isa = PBXGroup;
			children = (
				C166A9D9163BCC0B0063B0CA /* GoldList-Info.plist */,
				C166A9DA163BCC0B0063B0CA /* InfoPlist.strings */,
				C166A9DD163BCC0B0063B0CA /* main.m */,
				C166A9DF163BCC0B0063B0CA /* GoldList-Prefix.pch */,
				C166A9E3163BCC0B0063B0CA /* Default.png */,
				C166A9E5163BCC0B0063B0CA /* Default@2x.png */,
				C166A9E7163BCC0B0063B0CA /* Default-568h@2x.png */,
			);
			name = "Supporting Files";
			sourceTree = "<group>";
		};
		C18BCE64163D600E0011ED6A /* JSON */ = {
			isa = PBXGroup;
			children = (
				C166A9F4163BCF720063B0CA /* JSON.h */,
				C166A9F5163BCF720063B0CA /* NSObject+SBJSON.h */,
				C166A9F6163BCF720063B0CA /* NSObject+SBJSON.m */,
				C166A9F7163BCF720063B0CA /* NSString+SBJSON.h */,
				C166A9F8163BCF720063B0CA /* NSString+SBJSON.m */,
				C166A9F9163BCF720063B0CA /* SBJSON.h */,
				C166A9FA163BCF720063B0CA /* SBJSON.m */,
				C166A9FB163BCF720063B0CA /* SBJsonBase.h */,
				C166A9FC163BCF720063B0CA /* SBJsonBase.m */,
				C166A9FD163BCF720063B0CA /* SBJsonParser.h */,
				C166A9FE163BCF720063B0CA /* SBJsonParser.m */,
				C166A9FF163BCF720063B0CA /* SBJsonWriter.h */,
				C166AA00163BCF720063B0CA /* SBJsonWriter.m */,
			);
			name = JSON;
			path = ..;
			sourceTree = "<group>";
		};
		C19098E71641441A0076DFAD /* App Icon [Squared] */ = {
			isa = PBXGroup;
			children = (
				C19098E81641441B0076DFAD /* Icon-72.png */,
				C19098E91641441B0076DFAD /* Icon-72@2x.png */,
				C19098EA1641441B0076DFAD /* Icon-Small-50.png */,
				C19098EB1641441B0076DFAD /* Icon-Small-50@2x.png */,
				C19098EC1641441B0076DFAD /* Icon-Small.png */,
				C19098ED1641441B0076DFAD /* Icon-Small@2x.png */,
				C19098EE1641441B0076DFAD /* Icon.png */,
				C19098EF1641441B0076DFAD /* Icon@2x.png */,
				C19098F01641441B0076DFAD /* iTunesArtwork.png */,
				C19098F11641441B0076DFAD /* iTunesArtwork@2x.png */,
			);
			name = "App Icon [Squared]";
			path = "GoldList/App Icon [Squared]";
			sourceTree = "<group>";
		};
/* End PBXGroup section */

/* Begin PBXNativeTarget section */
		C166A9CC163BCC0B0063B0CA /* GoldList */ = {
			isa = PBXNativeTarget;
			buildConfigurationList = C166A9F1163BCC0B0063B0CA /* Build configuration list for PBXNativeTarget "GoldList" */;
			buildPhases = (
				C166A9C9163BCC0B0063B0CA /* Sources */,
				C166A9CA163BCC0B0063B0CA /* Frameworks */,
				C166A9CB163BCC0B0063B0CA /* Resources */,
			);
			buildRules = (
			);
			dependencies = (
			);
			name = GoldList;
			productName = GoldList;
			productReference = C166A9CD163BCC0B0063B0CA /* GoldList.app */;
			productType = "com.apple.product-type.application";
		};
/* End PBXNativeTarget section */

/* Begin PBXProject section */
		C166A9C4163BCC0B0063B0CA /* Project object */ = {
			isa = PBXProject;
			attributes = {
				LastUpgradeCheck = 0450;
				ORGANIZATIONNAME = "Keiran Smith";
			};
			buildConfigurationList = C166A9C7163BCC0B0063B0CA /* Build configuration list for PBXProject "GoldList" */;
			compatibilityVersion = "Xcode 3.2";
			developmentRegion = English;
			hasScannedForEncodings = 0;
			knownRegions = (
				en,
			);
			mainGroup = C166A9C2163BCC0B0063B0CA;
			productRefGroup = C166A9CE163BCC0B0063B0CA /* Products */;
			projectDirPath = "";
			projectRoot = "";
			targets = (
				C166A9CC163BCC0B0063B0CA /* GoldList */,
			);
		};
/* End PBXProject section */

/* Begin PBXResourcesBuildPhase section */
		C166A9CB163BCC0B0063B0CA /* Resources */ = {
			isa = PBXResourcesBuildPhase;
			buildActionMask = 2147483647;
			files = (
				C166A9DC163BCC0B0063B0CA /* InfoPlist.strings in Resources */,
				C166A9E4163BCC0B0063B0CA /* Default.png in Resources */,
				C166A9E6163BCC0B0063B0CA /* Default@2x.png in Resources */,
				C166A9E8163BCC0B0063B0CA /* Default-568h@2x.png in Resources */,
				C166A9EB163BCC0B0063B0CA /* MainStoryboard.storyboard in Resources */,
				C19098E5164130BA0076DFAD /* uni05_53.ttf in Resources */,
				C19098F21641441B0076DFAD /* Icon-72.png in Resources */,
				C19098F31641441B0076DFAD /* Icon-72@2x.png in Resources */,
				C19098F41641441B0076DFAD /* Icon-Small-50.png in Resources */,
				C19098F51641441B0076DFAD /* Icon-Small-50@2x.png in Resources */,
				C19098F61641441B0076DFAD /* Icon-Small.png in Resources */,
				C19098F71641441B0076DFAD /* Icon-Small@2x.png in Resources */,
				C19098F81641441B0076DFAD /* Icon.png in Resources */,
				C19098F91641441B0076DFAD /* Icon@2x.png in Resources */,
				C19098FA1641441B0076DFAD /* iTunesArtwork.png in Resources */,
				C19098FB1641441B0076DFAD /* iTunesArtwork@2x.png in Resources */,
				C19098FD164144510076DFAD /* Icon@2x.png in Resources */,
				C19098FF1641446D0076DFAD /* Icon.png in Resources */,
			);
			runOnlyForDeploymentPostprocessing = 0;
		};
/* End PBXResourcesBuildPhase section */

/* Begin PBXSourcesBuildPhase section */
		C166A9C9163BCC0B0063B0CA /* Sources */ = {
			isa = PBXSourcesBuildPhase;
			buildActionMask = 2147483647;
			files = (
				C166A9DE163BCC0B0063B0CA /* main.m in Sources */,
				C166A9E2163BCC0B0063B0CA /* AppDelegate.m in Sources */,
				C166A9EE163BCC0B0063B0CA /* ViewController.m in Sources */,
				C166AA01163BCF720063B0CA /* NSObject+SBJSON.m in Sources */,
				C166AA02163BCF720063B0CA /* NSString+SBJSON.m in Sources */,
				C166AA03163BCF720063B0CA /* SBJSON.m in Sources */,
				C166AA04163BCF720063B0CA /* SBJsonBase.m in Sources */,
				C166AA05163BCF720063B0CA /* SBJsonParser.m in Sources */,
				C166AA06163BCF720063B0CA /* SBJsonWriter.m in Sources */,
				C18BCE60163D52250011ED6A /* DetailViewController.m in Sources */,
			);
			runOnlyForDeploymentPostprocessing = 0;
		};
/* End PBXSourcesBuildPhase section */

/* Begin PBXVariantGroup section */
		C166A9DA163BCC0B0063B0CA /* InfoPlist.strings */ = {
			isa = PBXVariantGroup;
			children = (
				C166A9DB163BCC0B0063B0CA /* en */,
			);
			name = InfoPlist.strings;
			sourceTree = "<group>";
		};
		C166A9E9163BCC0B0063B0CA /* MainStoryboard.storyboard */ = {
			isa = PBXVariantGroup;
			children = (
				C166A9EA163BCC0B0063B0CA /* en */,
			);
			name = MainStoryboard.storyboard;
			sourceTree = "<group>";
		};
/* End PBXVariantGroup section */

/* Begin XCBuildConfiguration section */
		C166A9EF163BCC0B0063B0CA /* Debug */ = {
			isa = XCBuildConfiguration;
			buildSettings = {
				ALWAYS_SEARCH_USER_PATHS = NO;
				CLANG_CXX_LANGUAGE_STANDARD = "gnu++0x";
				CLANG_CXX_LIBRARY = "libc++";
				CLANG_ENABLE_OBJC_ARC = YES;
				CLANG_WARN_EMPTY_BODY = YES;
				CLANG_WARN__DUPLICATE_METHOD_MATCH = YES;
				CODE_SIGN_IDENTITY = "iPhone Developer: KEIRAN F J Smith (2JGA3JG6MC)";
				"CODE_SIGN_IDENTITY[sdk=iphoneos*]" = "iPhone Developer";
				COPY_PHASE_STRIP = NO;
				GCC_C_LANGUAGE_STANDARD = gnu99;
				GCC_DYNAMIC_NO_PIC = NO;
				GCC_OPTIMIZATION_LEVEL = 0;
				GCC_PREPROCESSOR_DEFINITIONS = (
					"DEBUG=1",
					"$(inherited)",
				);
				GCC_SYMBOLS_PRIVATE_EXTERN = NO;
				GCC_WARN_ABOUT_RETURN_TYPE = YES;
				GCC_WARN_UNINITIALIZED_AUTOS = YES;
				GCC_WARN_UNUSED_VARIABLE = YES;
				IPHONEOS_DEPLOYMENT_TARGET = 6.0;
				ONLY_ACTIVE_ARCH = YES;
				PROVISIONING_PROFILE = "573C071E-0112-4631-95EE-5743E6276B3F";
				SDKROOT = iphoneos;
			};
			name = Debug;
		};
		C166A9F0163BCC0B0063B0CA /* Release */ = {
			isa = XCBuildConfiguration;
			buildSettings = {
				ALWAYS_SEARCH_USER_PATHS = NO;
				CLANG_CXX_LANGUAGE_STANDARD = "gnu++0x";
				CLANG_CXX_LIBRARY = "libc++";
				CLANG_ENABLE_OBJC_ARC = YES;
				CLANG_WARN_EMPTY_BODY = YES;
				CLANG_WARN__DUPLICATE_METHOD_MATCH = YES;
				CODE_SIGN_IDENTITY = "iPhone Distribution: KEIRAN F J Smith";
				"CODE_SIGN_IDENTITY[sdk=iphoneos*]" = "iPhone Distribution: KEIRAN F J Smith";
				COPY_PHASE_STRIP = YES;
				GCC_C_LANGUAGE_STANDARD = gnu99;
				GCC_WARN_ABOUT_RETURN_TYPE = YES;
				GCC_WARN_UNINITIALIZED_AUTOS = YES;
				GCC_WARN_UNUSED_VARIABLE = YES;
				IPHONEOS_DEPLOYMENT_TARGET = 6.0;
				OTHER_CFLAGS = "-DNS_BLOCK_ASSERTIONS=1";
				PROVISIONING_PROFILE = "";
				"PROVISIONING_PROFILE[sdk=iphoneos*]" = "";
				SDKROOT = iphoneos;
				VALIDATE_PRODUCT = YES;
			};
			name = Release;
		};
		C166A9F2163BCC0B0063B0CA /* Debug */ = {
			isa = XCBuildConfiguration;
			buildSettings = {
				ARCHS = armv7;
				CODE_SIGN_IDENTITY = "";
				GCC_PRECOMPILE_PREFIX_HEADER = YES;
				GCC_PREFIX_HEADER = "GoldList/GoldList-Prefix.pch";
				INFOPLIST_FILE = "GoldList/GoldList-Info.plist";
				PRODUCT_NAME = "$(TARGET_NAME)";
				PROVISIONING_PROFILE = "";
				VALID_ARCHS = armv7;
				WRAPPER_EXTENSION = app;
			};
			name = Debug;
		};
		C166A9F3163BCC0B0063B0CA /* Release */ = {
			isa = XCBuildConfiguration;
			buildSettings = {
				ARCHS = armv7;
				CODE_SIGN_IDENTITY = "";
				"CODE_SIGN_IDENTITY[sdk=iphoneos*]" = "";
				GCC_PRECOMPILE_PREFIX_HEADER = YES;
				GCC_PREFIX_HEADER = "GoldList/GoldList-Prefix.pch";
				INFOPLIST_FILE = "GoldList/GoldList-Info.plist";
				PRODUCT_NAME = "$(TARGET_NAME)";
				PROVISIONING_PROFILE = "";
				"PROVISIONING_PROFILE[sdk=iphoneos*]" = "7207F056-F964-4844-B005-FBE2A42023F5";
				VALID_ARCHS = armv7;
				WRAPPER_EXTENSION = app;
			};
			name = Release;
		};
/* End XCBuildConfiguration section */

/* Begin XCConfigurationList section */
		C166A9C7163BCC0B0063B0CA /* Build configuration list for PBXProject "GoldList" */ = {
			isa = XCConfigurationList;
			buildConfigurations = (
				C166A9EF163BCC0B0063B0CA /* Debug */,
				C166A9F0163BCC0B0063B0CA /* Release */,
			);
			defaultConfigurationIsVisible = 0;
			defaultConfigurationName = Release;
		};
		C166A9F1163BCC0B0063B0CA /* Build configuration list for PBXNativeTarget "GoldList" */ = {
			isa = XCConfigurationList;
			buildConfigurations = (
				C166A9F2163BCC0B0063B0CA /* Debug */,
				C166A9F3163BCC0B0063B0CA /* Release */,
			);
			defaultConfigurationIsVisible = 0;
			defaultConfigurationName = Release;
		};
/* End XCConfigurationList section */
	};
	rootObject = C166A9C4163BCC0B0063B0CA /* Project object */;
}
